
Microsoft Visual Studio Solution File, Format Version 12.00
Project("{FAE04EC0-301F-11D3-BF4B-00C04F79EFBC}") = "typescriptgen", "typescriptgen\typescriptgen.csproj", "{F6C49717-414B-4C35-9E8C-6B177C1359AB}"
EndProject
Project("{FAE04EC0-301F-11D3-BF4B-00C04F79EFBC}") = "test", "test\test.csproj", "{A48838C7-95A5-43F3-BB98-D19FB79CB8F6}"
EndProject
Global
	GlobalSection(SolutionConfigurationPlatforms) = preSolution
		Debug|Any CPU = Debug|Any CPU
		Release|Any CPU = Release|Any CPU
	EndGlobalSection
	GlobalSection(ProjectConfigurationPlatforms) = postSolution
		{F6C49717-414B-4C35-9E8C-6B177C1359AB}.Debug|Any CPU.ActiveCfg = Debug|Any CPU
		{F6C49717-414B-4C35-9E8C-6B177C1359AB}.Debug|Any CPU.Build.0 = Debug|Any CPU
		{F6C49717-414B-4C35-9E8C-6B177C1359AB}.Release|Any CPU.ActiveCfg = Release|Any CPU
		{F6C49717-414B-4C35-9E8C-6B177C1359AB}.Release|Any CPU.Build.0 = Release|Any CPU
		{A48838C7-95A5-43F3-BB98-D19FB79CB8F6}.Debug|Any CPU.ActiveCfg = Debug|Any CPU
		{A48838C7-95A5-43F3-BB98-D19FB79CB8F6}.Debug|Any CPU.Build.0 = Debug|Any CPU
		{A48838C7-95A5-43F3-BB98-D19FB79CB8F6}.Release|Any CPU.ActiveCfg = Release|Any CPU
		{A48838C7-95A5-43F3-BB98-D19FB79CB8F6}.Release|Any CPU.Build.0 = Release|Any CPU
	EndGlobalSection
EndGlobal
