
Microsoft Visual Studio Solution File, Format Version 12.00
Project("{FAE04EC0-301F-11D3-BF4B-00C04F79EFBC}") = "Itecho.TsGen", "Itecho.TsGen\Itecho.TsGen.csproj", "{B482BAB0-F31E-457B-8069-D1ED7A1AA312}"
EndProject
Project("{FAE04EC0-301F-11D3-BF4B-00C04F79EFBC}") = "SampleWeb", "SampleWeb\SampleWeb.csproj", "{A802B1C1-3958-4E8A-BE63-54621114FB8D}"
EndProject
Global
	GlobalSection(SolutionConfigurationPlatforms) = preSolution
		Debug|Any CPU = Debug|Any CPU
		Release|Any CPU = Release|Any CPU
	EndGlobalSection
	GlobalSection(ProjectConfigurationPlatforms) = postSolution
		{B482BAB0-F31E-457B-8069-D1ED7A1AA312}.Debug|Any CPU.ActiveCfg = Debug|Any CPU
		{B482BAB0-F31E-457B-8069-D1ED7A1AA312}.Debug|Any CPU.Build.0 = Debug|Any CPU
		{B482BAB0-F31E-457B-8069-D1ED7A1AA312}.Release|Any CPU.ActiveCfg = Release|Any CPU
		{B482BAB0-F31E-457B-8069-D1ED7A1AA312}.Release|Any CPU.Build.0 = Release|Any CPU
		{A802B1C1-3958-4E8A-BE63-54621114FB8D}.Debug|Any CPU.ActiveCfg = Debug|Any CPU
		{A802B1C1-3958-4E8A-BE63-54621114FB8D}.Debug|Any CPU.Build.0 = Debug|Any CPU
		{A802B1C1-3958-4E8A-BE63-54621114FB8D}.Release|Any CPU.ActiveCfg = Release|Any CPU
		{A802B1C1-3958-4E8A-BE63-54621114FB8D}.Release|Any CPU.Build.0 = Release|Any CPU
	EndGlobalSection
EndGlobal
