
Microsoft Visual Studio Solution File, Format Version 12.00
Project("{FAE04EC0-301F-11D3-BF4B-00C04F79EFBC}") = "typescriptsourcegen", "typescriptsourcegen\typescriptsourcegen.csproj", "{F6C49717-414B-4C35-9E8C-6B177C1359AB}"
EndProject
Project("{FAE04EC0-301F-11D3-BF4B-00C04F79EFBC}") = "webapi", "webapi\webapi.csproj", "{CD2172BD-4286-469D-8B6B-7AF0A7D1D40A}"
EndProject
Project("{FAE04EC0-301F-11D3-BF4B-00C04F79EFBC}") = "TypescriptGen", "TypescriptGen\TypescriptGen.csproj", "{7D7F41C2-2670-4CFA-8606-7FC2295C9A5C}"
EndProject
Project("{FAE04EC0-301F-11D3-BF4B-00C04F79EFBC}") = "Inspector", "Inspector\Inspector.csproj", "{8A35A137-12E0-460A-9A51-C5DBCB2BA8F8}"
EndProject
Global
	GlobalSection(SolutionConfigurationPlatforms) = preSolution
		Debug|Any CPU = Debug|Any CPU
		Release|Any CPU = Release|Any CPU
	EndGlobalSection
	GlobalSection(ProjectConfigurationPlatforms) = postSolution
		{F6C49717-414B-4C35-9E8C-6B177C1359AB}.Debug|Any CPU.ActiveCfg = Debug|Any CPU
		{F6C49717-414B-4C35-9E8C-6B177C1359AB}.Debug|Any CPU.Build.0 = Debug|Any CPU
		{F6C49717-414B-4C35-9E8C-6B177C1359AB}.Release|Any CPU.ActiveCfg = Release|Any CPU
		{F6C49717-414B-4C35-9E8C-6B177C1359AB}.Release|Any CPU.Build.0 = Release|Any CPU
		{CD2172BD-4286-469D-8B6B-7AF0A7D1D40A}.Debug|Any CPU.ActiveCfg = Debug|Any CPU
		{CD2172BD-4286-469D-8B6B-7AF0A7D1D40A}.Debug|Any CPU.Build.0 = Debug|Any CPU
		{CD2172BD-4286-469D-8B6B-7AF0A7D1D40A}.Release|Any CPU.ActiveCfg = Release|Any CPU
		{CD2172BD-4286-469D-8B6B-7AF0A7D1D40A}.Release|Any CPU.Build.0 = Release|Any CPU
		{7D7F41C2-2670-4CFA-8606-7FC2295C9A5C}.Debug|Any CPU.ActiveCfg = Debug|Any CPU
		{7D7F41C2-2670-4CFA-8606-7FC2295C9A5C}.Debug|Any CPU.Build.0 = Debug|Any CPU
		{7D7F41C2-2670-4CFA-8606-7FC2295C9A5C}.Release|Any CPU.ActiveCfg = Release|Any CPU
		{7D7F41C2-2670-4CFA-8606-7FC2295C9A5C}.Release|Any CPU.Build.0 = Release|Any CPU
		{8A35A137-12E0-460A-9A51-C5DBCB2BA8F8}.Debug|Any CPU.ActiveCfg = Debug|Any CPU
		{8A35A137-12E0-460A-9A51-C5DBCB2BA8F8}.Debug|Any CPU.Build.0 = Debug|Any CPU
		{8A35A137-12E0-460A-9A51-C5DBCB2BA8F8}.Release|Any CPU.ActiveCfg = Release|Any CPU
		{8A35A137-12E0-460A-9A51-C5DBCB2BA8F8}.Release|Any CPU.Build.0 = Release|Any CPU
	EndGlobalSection
EndGlobal
